
Microsoft Visual Studio Solution File, Format Version 12.00
# Visual Studio 15
VisualStudioVersion = 15.0.28010.2036
MinimumVisualStudioVersion = 10.0.40219.1
Project("{9A19103F-16F7-4668-BE54-9A1E7A4F7556}") = "bytme", "bytme.csproj", "{F63B2A6F-8244-4FB2-89BA-C81C16550E54}"
EndProject
Global
	GlobalSection(SolutionConfigurationPlatforms) = preSolution
		Debug|Any CPU = Debug|Any CPU
		Release|Any CPU = Release|Any CPU
	EndGlobalSection
	GlobalSection(ProjectConfigurationPlatforms) = postSolution
		{F63B2A6F-8244-4FB2-89BA-C81C16550E54}.Debug|Any CPU.ActiveCfg = Debug|Any CPU
		{F63B2A6F-8244-4FB2-89BA-C81C16550E54}.Debug|Any CPU.Build.0 = Debug|Any CPU
		{F63B2A6F-8244-4FB2-89BA-C81C16550E54}.Release|Any CPU.ActiveCfg = Release|Any CPU
		{F63B2A6F-8244-4FB2-89BA-C81C16550E54}.Release|Any CPU.Build.0 = Release|Any CPU
	EndGlobalSection
	GlobalSection(SolutionProperties) = preSolution
		HideSolutionNode = FALSE
	EndGlobalSection
	GlobalSection(ExtensibilityGlobals) = postSolution
		SolutionGuid = {BE66FD1E-DC43-492D-ACF4-0F069C58D45A}
	EndGlobalSection
EndGlobal
